PODS:
  - AlertTones (1.0.0):
    - AlertTones/UI (= 1.0.0)
  - AlertTones/Core (1.0.0)
  - AlertTones/UI (1.0.0):
    - AlertTones/Core

DEPENDENCIES:
  - AlertTones (from `../`)

EXTERNAL SOURCES:
  AlertTones:
    :path: "../"

SPEC CHECKSUMS:
  AlertTones: fd2aa79e695401800ff7bb466f36cfba182cf541

PODFILE CHECKSUM: ac1a4891db877c487e460c56fc78d4467603e65d

COCOAPODS: 1.10.1
