PODS:
  - AlertTones (1.0.0):
    - AlertTones/UI (= 1.0.0)
  - AlertTones/Core (1.0.0)
  - AlertTones/UI (1.0.0):
    - AlertTones/Core

DEPENDENCIES:
  - AlertTones (from `../`)

EXTERNAL SOURCES:
  AlertTones:
    :path: "../"

SPEC CHECKSUMS:
  AlertTones: 169291468ffc7062a29c6da48ce0c01dce0d4aa2

PODFILE CHECKSUM: 20cfcce02f97875974f75b66c5acd37dd2b94fc5

COCOAPODS: 1.11.3
